
Microsoft Visual Studio Solution File, Format Version 12.00
# Visual Studio Version 16
VisualStudioVersion = 25.0.1705.4
MinimumVisualStudioVersion = 10.0.40219.1
Project("{FAE04EC0-301F-11D3-BF4B-00C04F79EFBC}") = "Configuration", "Configuration\Configuration.csproj", "{43F19711-F76E-46E1-A25E-063E1F351CCC}"
EndProject
Project("{FAE04EC0-301F-11D3-BF4B-00C04F79EFBC}") = "DbContext", "DbContext\DbContext.csproj", "{04C934C4-AEC6-43F5-8729-BAE26846A23C}"
EndProject
Project("{FAE04EC0-301F-11D3-BF4B-00C04F79EFBC}") = "DbModels", "DbModels\DbModels.csproj", "{C3448899-C04F-4E41-8EA0-19D41FC63774}"
EndProject
Project("{FAE04EC0-301F-11D3-BF4B-00C04F79EFBC}") = "DbRepos", "DbRepos\DbRepos.csproj", "{56FFB113-35E1-4C1A-8CDE-103BC4E1DE41}"
EndProject
Project("{FAE04EC0-301F-11D3-BF4B-00C04F79EFBC}") = "Services", "Services\Services.csproj", "{D6F90081-67EE-48D3-BFFA-581A6A855D55}"
EndProject
Project("{FAE04EC0-301F-11D3-BF4B-00C04F79EFBC}") = "AppWebApi", "AppWebApi\AppWebApi.csproj", "{B7961A28-1988-4997-AB58-D0496A6E8DC7}"
EndProject
Project("{FAE04EC0-301F-11D3-BF4B-00C04F79EFBC}") = "Models", "Models\Models.csproj", "{00F3F8F0-4980-4B7F-BBB1-AAF26CAB1193}"
EndProject
Global
	GlobalSection(SolutionConfigurationPlatforms) = preSolution
		Debug|Any CPU = Debug|Any CPU
		Release|Any CPU = Release|Any CPU
	EndGlobalSection
	GlobalSection(ProjectConfigurationPlatforms) = postSolution
		{43F19711-F76E-46E1-A25E-063E1F351CCC}.Debug|Any CPU.ActiveCfg = Debug|Any CPU
		{43F19711-F76E-46E1-A25E-063E1F351CCC}.Debug|Any CPU.Build.0 = Debug|Any CPU
		{43F19711-F76E-46E1-A25E-063E1F351CCC}.Release|Any CPU.ActiveCfg = Release|Any CPU
		{43F19711-F76E-46E1-A25E-063E1F351CCC}.Release|Any CPU.Build.0 = Release|Any CPU
		{04C934C4-AEC6-43F5-8729-BAE26846A23C}.Debug|Any CPU.ActiveCfg = Debug|Any CPU
		{04C934C4-AEC6-43F5-8729-BAE26846A23C}.Debug|Any CPU.Build.0 = Debug|Any CPU
		{04C934C4-AEC6-43F5-8729-BAE26846A23C}.Release|Any CPU.ActiveCfg = Release|Any CPU
		{04C934C4-AEC6-43F5-8729-BAE26846A23C}.Release|Any CPU.Build.0 = Release|Any CPU
		{C3448899-C04F-4E41-8EA0-19D41FC63774}.Debug|Any CPU.ActiveCfg = Debug|Any CPU
		{C3448899-C04F-4E41-8EA0-19D41FC63774}.Debug|Any CPU.Build.0 = Debug|Any CPU
		{C3448899-C04F-4E41-8EA0-19D41FC63774}.Release|Any CPU.ActiveCfg = Release|Any CPU
		{C3448899-C04F-4E41-8EA0-19D41FC63774}.Release|Any CPU.Build.0 = Release|Any CPU
		{56FFB113-35E1-4C1A-8CDE-103BC4E1DE41}.Debug|Any CPU.ActiveCfg = Debug|Any CPU
		{56FFB113-35E1-4C1A-8CDE-103BC4E1DE41}.Debug|Any CPU.Build.0 = Debug|Any CPU
		{56FFB113-35E1-4C1A-8CDE-103BC4E1DE41}.Release|Any CPU.ActiveCfg = Release|Any CPU
		{56FFB113-35E1-4C1A-8CDE-103BC4E1DE41}.Release|Any CPU.Build.0 = Release|Any CPU
		{D6F90081-67EE-48D3-BFFA-581A6A855D55}.Debug|Any CPU.ActiveCfg = Debug|Any CPU
		{D6F90081-67EE-48D3-BFFA-581A6A855D55}.Debug|Any CPU.Build.0 = Debug|Any CPU
		{D6F90081-67EE-48D3-BFFA-581A6A855D55}.Release|Any CPU.ActiveCfg = Release|Any CPU
		{D6F90081-67EE-48D3-BFFA-581A6A855D55}.Release|Any CPU.Build.0 = Release|Any CPU
		{B7961A28-1988-4997-AB58-D0496A6E8DC7}.Debug|Any CPU.ActiveCfg = Debug|Any CPU
		{B7961A28-1988-4997-AB58-D0496A6E8DC7}.Debug|Any CPU.Build.0 = Debug|Any CPU
		{B7961A28-1988-4997-AB58-D0496A6E8DC7}.Release|Any CPU.ActiveCfg = Release|Any CPU
		{B7961A28-1988-4997-AB58-D0496A6E8DC7}.Release|Any CPU.Build.0 = Release|Any CPU
		{00F3F8F0-4980-4B7F-BBB1-AAF26CAB1193}.Debug|Any CPU.ActiveCfg = Debug|Any CPU
		{00F3F8F0-4980-4B7F-BBB1-AAF26CAB1193}.Debug|Any CPU.Build.0 = Debug|Any CPU
		{00F3F8F0-4980-4B7F-BBB1-AAF26CAB1193}.Release|Any CPU.ActiveCfg = Release|Any CPU
		{00F3F8F0-4980-4B7F-BBB1-AAF26CAB1193}.Release|Any CPU.Build.0 = Release|Any CPU
		{57DD85E2-83DA-4C27-9885-73A153E998E4}.Debug|Any CPU.ActiveCfg = Debug|Any CPU
		{57DD85E2-83DA-4C27-9885-73A153E998E4}.Debug|Any CPU.Build.0 = Debug|Any CPU
		{57DD85E2-83DA-4C27-9885-73A153E998E4}.Release|Any CPU.ActiveCfg = Release|Any CPU
		{57DD85E2-83DA-4C27-9885-73A153E998E4}.Release|Any CPU.Build.0 = Release|Any CPU
	EndGlobalSection
	GlobalSection(SolutionProperties) = preSolution
		HideSolutionNode = FALSE
	EndGlobalSection
	GlobalSection(ExtensibilityGlobals) = postSolution
		SolutionGuid = {5FF49891-F7B5-4199-8658-04707445E2F3}
	EndGlobalSection
EndGlobal
